
Microsoft Visual Studio Solution File, Format Version 12.00
# Visual Studio Version 17
VisualStudioVersion = 17.14.36518.9
MinimumVisualStudioVersion = 10.0.40219.1
Project("{8BC9CEB8-8B4A-11D0-8D11-00A0C91BC942}") = "Chireiden", "Chireiden.vcxproj", "{C0EDDEE7-31E7-40D0-AC3E-617540F34043}"
	ProjectSection(ProjectDependencies) = postProject
		{BF4D7522-4CF8-4C3E-8F7B-BA2F0108A915} = {BF4D7522-4CF8-4C3E-8F7B-BA2F0108A915}
	EndProjectSection
EndProject
Project("{8BC9CEB8-8B4A-11D0-8D11-00A0C91BC942}") = "ChireidenLauncher", "..\ChireidenLauncher\ChireidenLauncher.vcxproj", "{BF4D7522-4CF8-4C3E-8F7B-BA2F0108A915}"
EndProject
Global
	GlobalSection(SolutionConfigurationPlatforms) = preSolution
		Debug|x64 = Debug|x64
		Debug|x86 = Debug|x86
		Release|x64 = Release|x64
		Release|x86 = Release|x86
	EndGlobalSection
	GlobalSection(ProjectConfigurationPlatforms) = postSolution
		{C0EDDEE7-31E7-40D0-AC3E-617540F34043}.Debug|x64.ActiveCfg = Debug|x64
		{C0EDDEE7-31E7-40D0-AC3E-617540F34043}.Debug|x64.Build.0 = Debug|x64
		{C0EDDEE7-31E7-40D0-AC3E-617540F34043}.Debug|x86.ActiveCfg = Debug|Win32
		{C0EDDEE7-31E7-40D0-AC3E-617540F34043}.Debug|x86.Build.0 = Debug|Win32
		{C0EDDEE7-31E7-40D0-AC3E-617540F34043}.Release|x64.ActiveCfg = Release|x64
		{C0EDDEE7-31E7-40D0-AC3E-617540F34043}.Release|x64.Build.0 = Release|x64
		{C0EDDEE7-31E7-40D0-AC3E-617540F34043}.Release|x86.ActiveCfg = Release|Win32
		{C0EDDEE7-31E7-40D0-AC3E-617540F34043}.Release|x86.Build.0 = Release|Win32
		{BF4D7522-4CF8-4C3E-8F7B-BA2F0108A915}.Debug|x64.ActiveCfg = Debug|x64
		{BF4D7522-4CF8-4C3E-8F7B-BA2F0108A915}.Debug|x64.Build.0 = Debug|x64
		{BF4D7522-4CF8-4C3E-8F7B-BA2F0108A915}.Debug|x86.ActiveCfg = Debug|Win32
		{BF4D7522-4CF8-4C3E-8F7B-BA2F0108A915}.Debug|x86.Build.0 = Debug|Win32
		{BF4D7522-4CF8-4C3E-8F7B-BA2F0108A915}.Release|x64.ActiveCfg = Release|x64
		{BF4D7522-4CF8-4C3E-8F7B-BA2F0108A915}.Release|x64.Build.0 = Release|x64
		{BF4D7522-4CF8-4C3E-8F7B-BA2F0108A915}.Release|x86.ActiveCfg = Release|Win32
		{BF4D7522-4CF8-4C3E-8F7B-BA2F0108A915}.Release|x86.Build.0 = Release|Win32
	EndGlobalSection
	GlobalSection(SolutionProperties) = preSolution
		HideSolutionNode = FALSE
	EndGlobalSection
	GlobalSection(ExtensibilityGlobals) = postSolution
		SolutionGuid = {0ABA9E2B-3CB5-4A84-8D2B-E60D5CD429A3}
	EndGlobalSection
EndGlobal
