<?xml version="1.0" encoding="utf-8"?>
<Project ToolsVersion="4.0" xmlns="http://schemas.microsoft.com/developer/msbuild/2003">
  <ItemGroup>
    <Filter Include="Source Files">
      <UniqueIdentifier>{4FC737F1-C7A5-4376-A066-2A32D752A2FF}</UniqueIdentifier>
      <Extensions>cpp;c;cc;cxx;c++;cppm;ixx;def;odl;idl;hpj;bat;asm;asmx</Extensions>
    </Filter>
    <Filter Include="Header Files">
      <UniqueIdentifier>{93995380-89BD-4b04-88EB-625FBE52EBFB}</UniqueIdentifier>
      <Extensions>h;hh;hpp;hxx;h++;hm;inl;inc;ipp;xsd</Extensions>
    </Filter>
    <Filter Include="Resource Files">
      <UniqueIdentifier>{67DA6AB6-F800-4c08-8B7A-83BB121AAD01}</UniqueIdentifier>
      <Extensions>rc;ico;cur;bmp;dlg;rc2;rct;bin;rgs;gif;jpg;jpeg;jpe;resx;tiff;tif;png;wav;mfcribbon-ms</Extensions>
    </Filter>
  </ItemGroup>
  <ItemGroup>
    <ClCompile Include="src\AnmLoaded.cpp">
      <Filter>Source Files</Filter>
    </ClCompile>
    <ClCompile Include="src\AnmManager.cpp">
      <Filter>Source Files</Filter>
    </ClCompile>
    <ClCompile Include="src\AnmVm.cpp">
      <Filter>Source Files</Filter>
    </ClCompile>
    <ClCompile Include="src\AsciiManager.cpp">
      <Filter>Source Files</Filter>
    </ClCompile>
    <ClCompile Include="src\Bomb.cpp">
      <Filter>Source Files</Filter>
    </ClCompile>
    <ClCompile Include="src\Bullet.cpp">
      <Filter>Source Files</Filter>
    </ClCompile>
    <ClCompile Include="src\BulletManager.cpp">
      <Filter>Source Files</Filter>
    </ClCompile>
    <ClCompile Include="src\Chain.cpp">
      <Filter>Source Files</Filter>
    </ClCompile>
    <ClCompile Include="src\Chireiden.cpp">
      <Filter>Source Files</Filter>
    </ClCompile>
    <ClCompile Include="src\EclVm.cpp">
      <Filter>Source Files</Filter>
    </ClCompile>
    <ClCompile Include="src\EffectManager.cpp">
      <Filter>Source Files</Filter>
    </ClCompile>
    <ClCompile Include="src\Effect.cpp">
      <Filter>Source Files</Filter>
    </ClCompile>
    <ClCompile Include="src\Enemy.cpp">
      <Filter>Source Files</Filter>
    </ClCompile>
    <ClCompile Include="src\EnemyManager.cpp">
      <Filter>Source Files</Filter>
    </ClCompile>
    <ClCompile Include="src\FileAbstraction.cpp">
      <Filter>Source Files</Filter>
    </ClCompile>
    <ClCompile Include="src\GameConfig.cpp">
      <Filter>Source Files</Filter>
    </ClCompile>
    <ClCompile Include="src\Globals.cpp">
      <Filter>Source Files</Filter>
    </ClCompile>
    <ClCompile Include="src\Interp.cpp">
      <Filter>Source Files</Filter>
    </ClCompile>
    <ClCompile Include="src\LaserManager.cpp">
      <Filter>Source Files</Filter>
    </ClCompile>
    <ClCompile Include="src\Lzss.cpp">
      <Filter>Source Files</Filter>
    </ClCompile>
    <ClCompile Include="src\Player.cpp">
      <Filter>Source Files</Filter>
    </ClCompile>
    <ClCompile Include="src\DistortionMesh.cpp">
      <Filter>Source Files</Filter>
    </ClCompile>
    <ClCompile Include="src\Supervisor.cpp">
      <Filter>Source Files</Filter>
    </ClCompile>
    <ClCompile Include="src\Timer.cpp">
      <Filter>Source Files</Filter>
    </ClCompile>
    <ClCompile Include="src\SoundManager.cpp">
      <Filter>Source Files</Filter>
    </ClCompile>
    <ClCompile Include="src\Window.cpp">
      <Filter>Source Files</Filter>
    </ClCompile>
  </ItemGroup>
  <ItemGroup>
    <ClInclude Include="src\StdVm.cpp">
      <Filter>Source Files</Filter>
    </ClInclude>
    <ClInclude Include="include\AnmLoaded.h">
      <Filter>Header Files</Filter>
    </ClInclude>
    <ClInclude Include="include\AnmManager.h">
      <Filter>Header Files</Filter>
    </ClInclude>
    <ClInclude Include="include\AnmVm.h">
      <Filter>Header Files</Filter>
    </ClInclude>
    <ClInclude Include="include\AsciiManager.h">
      <Filter>Header Files</Filter>
    </ClInclude>
    <ClInclude Include="include\Bomb.h">
      <Filter>Header Files</Filter>
    </ClInclude>
    <ClInclude Include="include\Bullet.h">
      <Filter>Header Files</Filter>
    </ClInclude>
    <ClInclude Include="include\BulletManager.h">
      <Filter>Header Files</Filter>
    </ClInclude>
    <ClInclude Include="include\Camera.h">
      <Filter>Header Files</Filter>
    </ClInclude>
    <ClInclude Include="include\Chain.h">
      <Filter>Header Files</Filter>
    </ClInclude>
    <ClInclude Include="include\Chireiden.h">
      <Filter>Header Files</Filter>
    </ClInclude>
    <ClInclude Include="include\CSound.h">
      <Filter>Header Files</Filter>
    </ClInclude>
    <ClInclude Include="include\CStreamingSound.h">
      <Filter>Header Files</Filter>
    </ClInclude>
    <ClInclude Include="include\CWaveFile.h">
      <Filter>Header Files</Filter>
    </ClInclude>
    <ClInclude Include="include\EclVm.h">
      <Filter>Header Files</Filter>
    </ClInclude>
    <ClInclude Include="include\EffectManager.h">
      <Filter>Header Files</Filter>
    </ClInclude>
    <ClInclude Include="include\Effect.h">
      <Filter>Header Files</Filter>
    </ClInclude>
    <ClInclude Include="include\Ending.h">
      <Filter>Header Files</Filter>
    </ClInclude>
    <ClInclude Include="include\Enemy.h">
      <Filter>Header Files</Filter>
    </ClInclude>
    <ClInclude Include="include\EnemyData.h">
      <Filter>Header Files</Filter>
    </ClInclude>
    <ClInclude Include="include\EnemyDrop.h">
      <Filter>Header Files</Filter>
    </ClInclude>
    <ClInclude Include="include\EnemyManager.h">
      <Filter>Header Files</Filter>
    </ClInclude>
    <ClInclude Include="include\FileAbstraction.h">
      <Filter>Header Files</Filter>
    </ClInclude>
    <ClInclude Include="include\FpsCounter.h">
      <Filter>Header Files</Filter>
    </ClInclude>
    <ClInclude Include="include\GameConfig.h">
      <Filter>Header Files</Filter>
    </ClInclude>
    <ClInclude Include="include\GameThread.h">
      <Filter>Header Files</Filter>
    </ClInclude>
    <ClInclude Include="include\Globals.h">
      <Filter>Header Files</Filter>
    </ClInclude>
    <ClInclude Include="include\Gui.h">
      <Filter>Header Files</Filter>
    </ClInclude>
    <ClInclude Include="include\HintManager.h">
      <Filter>Header Files</Filter>
    </ClInclude>
    <ClInclude Include="include\TrampolineFactory.h">
      <Filter>Header Files</Filter>
    </ClInclude>
    <ClInclude Include="include\Interp.h">
      <Filter>Header Files</Filter>
    </ClInclude>
    <ClInclude Include="include\Item.h">
      <Filter>Header Files</Filter>
    </ClInclude>
    <ClInclude Include="include\ItemManager.h">
      <Filter>Header Files</Filter>
    </ClInclude>
    <ClInclude Include="include\LaserData.h">
      <Filter>Header Files</Filter>
    </ClInclude>
    <ClInclude Include="include\LaserInfinite.h">
      <Filter>Header Files</Filter>
    </ClInclude>
    <ClInclude Include="include\LaserLine.h">
      <Filter>Header Files</Filter>
    </ClInclude>
    <ClInclude Include="include\LaserManager.h">
      <Filter>Header Files</Filter>
    </ClInclude>
    <ClInclude Include="include\LaserSegment.h">
      <Filter>Header Files</Filter>
    </ClInclude>
    <ClInclude Include="include\LoadingThread.h">
      <Filter>Header Files</Filter>
    </ClInclude>
    <ClInclude Include="include\Lzss.h">
      <Filter>Header Files</Filter>
    </ClInclude>
    <ClInclude Include="include\Macros.h">
      <Filter>Header Files</Filter>
    </ClInclude>
    <ClInclude Include="include\MainMenu.h">
      <Filter>Header Files</Filter>
    </ClInclude>
    <ClInclude Include="include\PauseMenu.h">
      <Filter>Header Files</Filter>
    </ClInclude>
    <ClInclude Include="include\Player.h">
      <Filter>Header Files</Filter>
    </ClInclude>
    <ClInclude Include="include\PopupManager.h">
      <Filter>Header Files</Filter>
    </ClInclude>
    <ClInclude Include="include\DistortionMesh.h">
      <Filter>Header Files</Filter>
    </ClInclude>
    <ClInclude Include="include\ReplayManager.h">
      <Filter>Header Files</Filter>
    </ClInclude>
    <ClInclude Include="include\ReplayStageData.h">
      <Filter>Header Files</Filter>
    </ClInclude>
    <ClInclude Include="include\SoundManager.h">
      <Filter>Header Files</Filter>
    </ClInclude>
    <ClInclude Include="include\Spellcard.h">
      <Filter>Header Files</Filter>
    </ClInclude>
    <ClInclude Include="include\StdVm.h">
      <Filter>Header Files</Filter>
    </ClInclude>
    <ClInclude Include="include\Supervisor.h">
      <Filter>Header Files</Filter>
    </ClInclude>
    <ClInclude Include="include\Timer.h">
      <Filter>Header Files</Filter>
    </ClInclude>
    <ClInclude Include="include\Window.h">
      <Filter>Header Files</Filter>
    </ClInclude>
    <ClInclude Include="include\AnmId.h">
      <Filter>Header Files</Filter>
    </ClInclude>
    <ClInclude Include="include\AnmVmList.h">
      <Filter>Header Files</Filter>
    </ClInclude>
    <ClInclude Include="include\RenderVertex.h">
      <Filter>Header Files</Filter>
    </ClInclude>
    <ClInclude Include="include\Vectors.h">
      <Filter>Header Files</Filter>
    </ClInclude>
    <ClInclude Include="include\Rng.h">
      <Filter>Header Files</Filter>
    </ClInclude>
    <ClInclude Include="include\DebugGui.h">
      <Filter>Header Files</Filter>
    </ClInclude>
    <ClInclude Include="src\DebugGui.cpp">
      <Filter>Source Files</Filter>
    </ClInclude>
  </ItemGroup>
  <ItemGroup>
    <MASM Include="Symbols.asm">
      <Filter>Resource Files</Filter>
    </MASM>
  </ItemGroup>
</Project>